
Microsoft Visual Studio Solution File, Format Version 12.00
# Visual Studio 15
VisualStudioVersion = 15.0.26124.0
MinimumVisualStudioVersion = 15.0.26124.0
Project("{2150E333-8FDC-42A3-9474-1A3956D46DE8}") = "src", "src", "{ABEF4F39-DF61-4A8A-AFFA-D77110980F63}"
EndProject
Project("{FAE04EC0-301F-11D3-BF4B-00C04F79EFBC}") = "IdentityServer", "src\IdentityServer\IdentityServer.csproj", "{BE975833-47AC-42CE-9E41-DE27B3713B81}"
EndProject
Project("{FAE04EC0-301F-11D3-BF4B-00C04F79EFBC}") = "Api", "src\Api\Api.csproj", "{D9CBEF6C-3EBD-4B10-8BE6-C02B49384916}"
EndProject
Global
	GlobalSection(SolutionConfigurationPlatforms) = preSolution
		Debug|Any CPU = Debug|Any CPU
		Debug|x64 = Debug|x64
		Debug|x86 = Debug|x86
		Release|Any CPU = Release|Any CPU
		Release|x64 = Release|x64
		Release|x86 = Release|x86
	EndGlobalSection
	GlobalSection(SolutionProperties) = preSolution
		HideSolutionNode = FALSE
	EndGlobalSection
	GlobalSection(ProjectConfigurationPlatforms) = postSolution
		{BE975833-47AC-42CE-9E41-DE27B3713B81}.Debug|Any CPU.ActiveCfg = Debug|Any CPU
		{BE975833-47AC-42CE-9E41-DE27B3713B81}.Debug|Any CPU.Build.0 = Debug|Any CPU
		{BE975833-47AC-42CE-9E41-DE27B3713B81}.Debug|x64.ActiveCfg = Debug|Any CPU
		{BE975833-47AC-42CE-9E41-DE27B3713B81}.Debug|x64.Build.0 = Debug|Any CPU
		{BE975833-47AC-42CE-9E41-DE27B3713B81}.Debug|x86.ActiveCfg = Debug|Any CPU
		{BE975833-47AC-42CE-9E41-DE27B3713B81}.Debug|x86.Build.0 = Debug|Any CPU
		{BE975833-47AC-42CE-9E41-DE27B3713B81}.Release|Any CPU.ActiveCfg = Release|Any CPU
		{BE975833-47AC-42CE-9E41-DE27B3713B81}.Release|Any CPU.Build.0 = Release|Any CPU
		{BE975833-47AC-42CE-9E41-DE27B3713B81}.Release|x64.ActiveCfg = Release|Any CPU
		{BE975833-47AC-42CE-9E41-DE27B3713B81}.Release|x64.Build.0 = Release|Any CPU
		{BE975833-47AC-42CE-9E41-DE27B3713B81}.Release|x86.ActiveCfg = Release|Any CPU
		{BE975833-47AC-42CE-9E41-DE27B3713B81}.Release|x86.Build.0 = Release|Any CPU
		{D9CBEF6C-3EBD-4B10-8BE6-C02B49384916}.Debug|Any CPU.ActiveCfg = Debug|Any CPU
		{D9CBEF6C-3EBD-4B10-8BE6-C02B49384916}.Debug|Any CPU.Build.0 = Debug|Any CPU
		{D9CBEF6C-3EBD-4B10-8BE6-C02B49384916}.Debug|x64.ActiveCfg = Debug|Any CPU
		{D9CBEF6C-3EBD-4B10-8BE6-C02B49384916}.Debug|x64.Build.0 = Debug|Any CPU
		{D9CBEF6C-3EBD-4B10-8BE6-C02B49384916}.Debug|x86.ActiveCfg = Debug|Any CPU
		{D9CBEF6C-3EBD-4B10-8BE6-C02B49384916}.Debug|x86.Build.0 = Debug|Any CPU
		{D9CBEF6C-3EBD-4B10-8BE6-C02B49384916}.Release|Any CPU.ActiveCfg = Release|Any CPU
		{D9CBEF6C-3EBD-4B10-8BE6-C02B49384916}.Release|Any CPU.Build.0 = Release|Any CPU
		{D9CBEF6C-3EBD-4B10-8BE6-C02B49384916}.Release|x64.ActiveCfg = Release|Any CPU
		{D9CBEF6C-3EBD-4B10-8BE6-C02B49384916}.Release|x64.Build.0 = Release|Any CPU
		{D9CBEF6C-3EBD-4B10-8BE6-C02B49384916}.Release|x86.ActiveCfg = Release|Any CPU
		{D9CBEF6C-3EBD-4B10-8BE6-C02B49384916}.Release|x86.Build.0 = Release|Any CPU
	EndGlobalSection
	GlobalSection(NestedProjects) = preSolution
		{BE975833-47AC-42CE-9E41-DE27B3713B81} = {ABEF4F39-DF61-4A8A-AFFA-D77110980F63}
		{D9CBEF6C-3EBD-4B10-8BE6-C02B49384916} = {ABEF4F39-DF61-4A8A-AFFA-D77110980F63}
	EndGlobalSection
EndGlobal
